
Microsoft Visual Studio Solution File, Format Version 12.00
# Visual Studio Version 17
VisualStudioVersion = 17.5.33530.505
MinimumVisualStudioVersion = 10.0.40219.1
Project("{FAE04EC0-301F-11D3-BF4B-00C04F79EFBC}") = "WpfTutorials", "WpfTutorials\WpfTutorials.csproj", "{FBD078B8-CCDB-43E7-A73A-0358CE43F760}"
EndProject
Global
	GlobalSection(SolutionConfigurationPlatforms) = preSolution
		Debug|Any CPU = Debug|Any CPU
		Release|Any CPU = Release|Any CPU
	EndGlobalSection
	GlobalSection(ProjectConfigurationPlatforms) = postSolution
		{FBD078B8-CCDB-43E7-A73A-0358CE43F760}.Debug|Any CPU.ActiveCfg = Debug|Any CPU
		{FBD078B8-CCDB-43E7-A73A-0358CE43F760}.Debug|Any CPU.Build.0 = Debug|Any CPU
		{FBD078B8-CCDB-43E7-A73A-0358CE43F760}.Release|Any CPU.ActiveCfg = Release|Any CPU
		{FBD078B8-CCDB-43E7-A73A-0358CE43F760}.Release|Any CPU.Build.0 = Release|Any CPU
	EndGlobalSection
	GlobalSection(SolutionProperties) = preSolution
		HideSolutionNode = FALSE
	EndGlobalSection
	GlobalSection(ExtensibilityGlobals) = postSolution
		SolutionGuid = {CBA5BAB7-5CDB-460F-9B92-34E8DEDB8450}
	EndGlobalSection
EndGlobal
