
Microsoft Visual Studio Solution File, Format Version 12.00
# Visual Studio Version 17
VisualStudioVersion = 17.5.33627.172
MinimumVisualStudioVersion = 10.0.40219.1
Project("{FAE04EC0-301F-11D3-BF4B-00C04F79EFBC}") = "WpfRenderButton", "WpfRenderButton\WpfRenderButton.csproj", "{654D9B68-8C0B-472A-8B94-406B6746EB72}"
EndProject
Global
	GlobalSection(SolutionConfigurationPlatforms) = preSolution
		Debug|Any CPU = Debug|Any CPU
		Release|Any CPU = Release|Any CPU
	EndGlobalSection
	GlobalSection(ProjectConfigurationPlatforms) = postSolution
		{654D9B68-8C0B-472A-8B94-406B6746EB72}.Debug|Any CPU.ActiveCfg = Debug|Any CPU
		{654D9B68-8C0B-472A-8B94-406B6746EB72}.Debug|Any CPU.Build.0 = Debug|Any CPU
		{654D9B68-8C0B-472A-8B94-406B6746EB72}.Release|Any CPU.ActiveCfg = Release|Any CPU
		{654D9B68-8C0B-472A-8B94-406B6746EB72}.Release|Any CPU.Build.0 = Release|Any CPU
	EndGlobalSection
	GlobalSection(SolutionProperties) = preSolution
		HideSolutionNode = FALSE
	EndGlobalSection
	GlobalSection(ExtensibilityGlobals) = postSolution
		SolutionGuid = {C7A42053-2687-4BAD-95A2-7E5DE8B7DC9F}
	EndGlobalSection
EndGlobal
